// !$*UTF8*$!
{
	archiveVersion = 1;
	classes = {
	};
	objectVersion = 55;
	objects = {

/* Begin PBXBuildFile section */
		1F0BD20D287486090078103B /* NavBarController.swift in Sources */ = {isa = PBXBuildFile; fileRef = 1F0BD20C287486090078103B /* NavBarController.swift */; };
		1F0BD210287491220078103B /* OverviewViewController.swift in Sources */ = {isa = PBXBuildFile; fileRef = 1F0BD20F287491220078103B /* OverviewViewController.swift */; };
		1F0BD217287495B50078103B /* SessionViewController.swift in Sources */ = {isa = PBXBuildFile; fileRef = 1F0BD216287495B50078103B /* SessionViewController.swift */; };
		1F0BD219287495DF0078103B /* ProgressViewController.swift in Sources */ = {isa = PBXBuildFile; fileRef = 1F0BD218287495DF0078103B /* ProgressViewController.swift */; };
		1F0BD21B287495FC0078103B /* SettingsViewController.swift in Sources */ = {isa = PBXBuildFile; fileRef = 1F0BD21A287495FC0078103B /* SettingsViewController.swift */; };
		1F3806622872E6C9002CBB51 /* AppDelegate.swift in Sources */ = {isa = PBXBuildFile; fileRef = 1F3806612872E6C9002CBB51 /* AppDelegate.swift */; };
		1F3806642872E6C9002CBB51 /* SceneDelegate.swift in Sources */ = {isa = PBXBuildFile; fileRef = 1F3806632872E6C9002CBB51 /* SceneDelegate.swift */; };
		1F3806662872E6C9002CBB51 /* BaseViewController.swift in Sources */ = {isa = PBXBuildFile; fileRef = 1F3806652872E6C9002CBB51 /* BaseViewController.swift */; };
		1F38066B2872E6CA002CBB51 /* Assets.xcassets in Resources */ = {isa = PBXBuildFile; fileRef = 1F38066A2872E6CA002CBB51 /* Assets.xcassets */; };
		1F38066E2872E6CA002CBB51 /* LaunchScreen.storyboard in Resources */ = {isa = PBXBuildFile; fileRef = 1F38066C2872E6CA002CBB51 /* LaunchScreen.storyboard */; };
		1F3AD02D2872F45500068AA7 /* TabBarController.swift in Sources */ = {isa = PBXBuildFile; fileRef = 1F3AD02C2872F45500068AA7 /* TabBarController.swift */; };
		1F3AD0362872F97B00068AA7 /* Resources.swift in Sources */ = {isa = PBXBuildFile; fileRef = 1F3AD0352872F97B00068AA7 /* Resources.swift */; };
		1F3AD03A28730A1000068AA7 /* UIView+Ext.swift in Sources */ = {isa = PBXBuildFile; fileRef = 1F3AD03928730A1000068AA7 /* UIView+Ext.swift */; };
/* End PBXBuildFile section */

/* Begin PBXFileReference section */
		1F0BD20C287486090078103B /* NavBarController.swift */ = {isa = PBXFileReference; lastKnownFileType = sourcecode.swift; path = NavBarController.swift; sourceTree = "<group>"; };
		1F0BD20F287491220078103B /* OverviewViewController.swift */ = {isa = PBXFileReference; lastKnownFileType = sourcecode.swift; path = OverviewViewController.swift; sourceTree = "<group>"; };
		1F0BD216287495B50078103B /* SessionViewController.swift */ = {isa = PBXFileReference; lastKnownFileType = sourcecode.swift; path = SessionViewController.swift; sourceTree = "<group>"; };
		1F0BD218287495DF0078103B /* ProgressViewController.swift */ = {isa = PBXFileReference; lastKnownFileType = sourcecode.swift; path = ProgressViewController.swift; sourceTree = "<group>"; };
		1F0BD21A287495FC0078103B /* SettingsViewController.swift */ = {isa = PBXFileReference; lastKnownFileType = sourcecode.swift; path = SettingsViewController.swift; sourceTree = "<group>"; };
		1F38065E2872E6C9002CBB51 /* Workout-Tracker.app */ = {isa = PBXFileReference; explicitFileType = wrapper.application; includeInIndex = 0; path = "Workout-Tracker.app"; sourceTree = BUILT_PRODUCTS_DIR; };
		1F3806612872E6C9002CBB51 /* AppDelegate.swift */ = {isa = PBXFileReference; lastKnownFileType = sourcecode.swift; path = AppDelegate.swift; sourceTree = "<group>"; };
		1F3806632872E6C9002CBB51 /* SceneDelegate.swift */ = {isa = PBXFileReference; lastKnownFileType = sourcecode.swift; path = SceneDelegate.swift; sourceTree = "<group>"; };
		1F3806652872E6C9002CBB51 /* BaseViewController.swift */ = {isa = PBXFileReference; lastKnownFileType = sourcecode.swift; path = BaseViewController.swift; sourceTree = "<group>"; };
		1F38066A2872E6CA002CBB51 /* Assets.xcassets */ = {isa = PBXFileReference; lastKnownFileType = folder.assetcatalog; path = Assets.xcassets; sourceTree = "<group>"; };
		1F38066D2872E6CA002CBB51 /* Base */ = {isa = PBXFileReference; lastKnownFileType = file.storyboard; name = Base; path = Base.lproj/LaunchScreen.storyboard; sourceTree = "<group>"; };
		1F38066F2872E6CA002CBB51 /* Info.plist */ = {isa = PBXFileReference; lastKnownFileType = text.plist.xml; path = Info.plist; sourceTree = "<group>"; };
		1F3AD02C2872F45500068AA7 /* TabBarController.swift */ = {isa = PBXFileReference; lastKnownFileType = sourcecode.swift; path = TabBarController.swift; sourceTree = "<group>"; };
		1F3AD0352872F97B00068AA7 /* Resources.swift */ = {isa = PBXFileReference; lastKnownFileType = sourcecode.swift; path = Resources.swift; sourceTree = "<group>"; };
		1F3AD03928730A1000068AA7 /* UIView+Ext.swift */ = {isa = PBXFileReference; lastKnownFileType = sourcecode.swift; path = "UIView+Ext.swift"; sourceTree = "<group>"; };
/* End PBXFileReference section */

/* Begin PBXFrameworksBuildPhase section */
		1F38065B2872E6C9002CBB51 /* Frameworks */ = {
			isa = PBXFrameworksBuildPhase;
			buildActionMask = 2147483647;
			files = (
			);
			runOnlyForDeploymentPostprocessing = 0;
		};
/* End PBXFrameworksBuildPhase section */

/* Begin PBXGroup section */
		1F0BD211287494BE0078103B /* Base */ = {
			isa = PBXGroup;
			children = (
				1F3806652872E6C9002CBB51 /* BaseViewController.swift */,
				1F3AD02C2872F45500068AA7 /* TabBarController.swift */,
				1F0BD20C287486090078103B /* NavBarController.swift */,
			);
			path = Base;
			sourceTree = "<group>";
		};
		1F0BD2122874955B0078103B /* Overview Module */ = {
			isa = PBXGroup;
			children = (
				1F0BD20F287491220078103B /* OverviewViewController.swift */,
			);
			path = "Overview Module";
			sourceTree = "<group>";
		};
		1F0BD213287495660078103B /* Session Module */ = {
			isa = PBXGroup;
			children = (
				1F0BD216287495B50078103B /* SessionViewController.swift */,
			);
			path = "Session Module";
			sourceTree = "<group>";
		};
		1F0BD2142874957A0078103B /* Progress Module */ = {
			isa = PBXGroup;
			children = (
				1F0BD218287495DF0078103B /* ProgressViewController.swift */,
			);
			path = "Progress Module";
			sourceTree = "<group>";
		};
		1F0BD215287495830078103B /* Settings Module */ = {
			isa = PBXGroup;
			children = (
				1F0BD21A287495FC0078103B /* SettingsViewController.swift */,
			);
			path = "Settings Module";
			sourceTree = "<group>";
		};
		1F3806552872E6C9002CBB51 = {
			isa = PBXGroup;
			children = (
				1F3806602872E6C9002CBB51 /* Workout-Tracker */,
				1F38065F2872E6C9002CBB51 /* Products */,
			);
			sourceTree = "<group>";
		};
		1F38065F2872E6C9002CBB51 /* Products */ = {
			isa = PBXGroup;
			children = (
				1F38065E2872E6C9002CBB51 /* Workout-Tracker.app */,
			);
			name = Products;
			sourceTree = "<group>";
		};
		1F3806602872E6C9002CBB51 /* Workout-Tracker */ = {
			isa = PBXGroup;
			children = (
				1F3806752872E76E002CBB51 /* App */,
				1F3806772872E811002CBB51 /* Core */,
				1F3AD02E2872F54500068AA7 /* Helpers */,
			);
			path = "Workout-Tracker";
			sourceTree = "<group>";
		};
		1F3806752872E76E002CBB51 /* App */ = {
			isa = PBXGroup;
			children = (
				1F3806612872E6C9002CBB51 /* AppDelegate.swift */,
				1F3806632872E6C9002CBB51 /* SceneDelegate.swift */,
				1F38066F2872E6CA002CBB51 /* Info.plist */,
			);
			path = App;
			sourceTree = "<group>";
		};
		1F3806762872E779002CBB51 /* Resources */ = {
			isa = PBXGroup;
			children = (
				1F3AD0352872F97B00068AA7 /* Resources.swift */,
				1F38066A2872E6CA002CBB51 /* Assets.xcassets */,
				1F38066C2872E6CA002CBB51 /* LaunchScreen.storyboard */,
			);
			path = Resources;
			sourceTree = "<group>";
		};
		1F3806772872E811002CBB51 /* Core */ = {
			isa = PBXGroup;
			children = (
				1F0BD2122874955B0078103B /* Overview Module */,
				1F0BD213287495660078103B /* Session Module */,
				1F0BD2142874957A0078103B /* Progress Module */,
				1F0BD215287495830078103B /* Settings Module */,
				1F0BD211287494BE0078103B /* Base */,
			);
			path = Core;
			sourceTree = "<group>";
		};
		1F3AD02E2872F54500068AA7 /* Helpers */ = {
			isa = PBXGroup;
			children = (
				1F3806762872E779002CBB51 /* Resources */,
				1F3AD0322872F58F00068AA7 /* Extensions */,
			);
			path = Helpers;
			sourceTree = "<group>";
		};
		1F3AD0322872F58F00068AA7 /* Extensions */ = {
			isa = PBXGroup;
			children = (
				1F3AD03928730A1000068AA7 /* UIView+Ext.swift */,
			);
			path = Extensions;
			sourceTree = "<group>";
		};
/* End PBXGroup section */

/* Begin PBXNativeTarget section */
		1F38065D2872E6C9002CBB51 /* Workout-Tracker */ = {
			isa = PBXNativeTarget;
			buildConfigurationList = 1F3806722872E6CA002CBB51 /* Build configuration list for PBXNativeTarget "Workout-Tracker" */;
			buildPhases = (
				1F38065A2872E6C9002CBB51 /* Sources */,
				1F38065B2872E6C9002CBB51 /* Frameworks */,
				1F38065C2872E6C9002CBB51 /* Resources */,
			);
			buildRules = (
			);
			dependencies = (
			);
			name = "Workout-Tracker";
			productName = "Workout-Tracker";
			productReference = 1F38065E2872E6C9002CBB51 /* Workout-Tracker.app */;
			productType = "com.apple.product-type.application";
		};
/* End PBXNativeTarget section */

/* Begin PBXProject section */
		1F3806562872E6C9002CBB51 /* Project object */ = {
			isa = PBXProject;
			attributes = {
				BuildIndependentTargetsInParallel = 1;
				LastSwiftUpdateCheck = 1340;
				LastUpgradeCheck = 1340;
				TargetAttributes = {
					1F38065D2872E6C9002CBB51 = {
						CreatedOnToolsVersion = 13.4.1;
					};
				};
			};
			buildConfigurationList = 1F3806592872E6C9002CBB51 /* Build configuration list for PBXProject "Workout-Tracker" */;
			compatibilityVersion = "Xcode 13.0";
			developmentRegion = en;
			hasScannedForEncodings = 0;
			knownRegions = (
				en,
				Base,
			);
			mainGroup = 1F3806552872E6C9002CBB51;
			productRefGroup = 1F38065F2872E6C9002CBB51 /* Products */;
			projectDirPath = "";
			projectRoot = "";
			targets = (
				1F38065D2872E6C9002CBB51 /* Workout-Tracker */,
			);
		};
/* End PBXProject section */

/* Begin PBXResourcesBuildPhase section */
		1F38065C2872E6C9002CBB51 /* Resources */ = {
			isa = PBXResourcesBuildPhase;
			buildActionMask = 2147483647;
			files = (
				1F38066E2872E6CA002CBB51 /* LaunchScreen.storyboard in Resources */,
				1F38066B2872E6CA002CBB51 /* Assets.xcassets in Resources */,
			);
			runOnlyForDeploymentPostprocessing = 0;
		};
/* End PBXResourcesBuildPhase section */

/* Begin PBXSourcesBuildPhase section */
		1F38065A2872E6C9002CBB51 /* Sources */ = {
			isa = PBXSourcesBuildPhase;
			buildActionMask = 2147483647;
			files = (
				1F3806662872E6C9002CBB51 /* BaseViewController.swift in Sources */,
				1F3AD0362872F97B00068AA7 /* Resources.swift in Sources */,
				1F0BD21B287495FC0078103B /* SettingsViewController.swift in Sources */,
				1F3AD03A28730A1000068AA7 /* UIView+Ext.swift in Sources */,
				1F0BD217287495B50078103B /* SessionViewController.swift in Sources */,
				1F0BD20D287486090078103B /* NavBarController.swift in Sources */,
				1F0BD219287495DF0078103B /* ProgressViewController.swift in Sources */,
				1F3AD02D2872F45500068AA7 /* TabBarController.swift in Sources */,
				1F0BD210287491220078103B /* OverviewViewController.swift in Sources */,
				1F3806622872E6C9002CBB51 /* AppDelegate.swift in Sources */,
				1F3806642872E6C9002CBB51 /* SceneDelegate.swift in Sources */,
			);
			runOnlyForDeploymentPostprocessing = 0;
		};
/* End PBXSourcesBuildPhase section */

/* Begin PBXVariantGroup section */
		1F38066C2872E6CA002CBB51 /* LaunchScreen.storyboard */ = {
			isa = PBXVariantGroup;
			children = (
				1F38066D2872E6CA002CBB51 /* Base */,
			);
			name = LaunchScreen.storyboard;
			sourceTree = "<group>";
		};
/* End PBXVariantGroup section */

/* Begin XCBuildConfiguration section */
		1F3806702872E6CA002CBB51 /* Debug */ = {
			isa = XCBuildConfiguration;
			buildSettings = {
				ALWAYS_SEARCH_USER_PATHS = NO;
				CLANG_ANALYZER_NONNULL = YES;
				CLANG_ANALYZER_NUMBER_OBJECT_CONVERSION = YES_AGGRESSIVE;
				CLANG_CXX_LANGUAGE_STANDARD = "gnu++17";
				CLANG_ENABLE_MODULES = YES;
				CLANG_ENABLE_OBJC_ARC = YES;
				CLANG_ENABLE_OBJC_WEAK = YES;
				CLANG_WARN_BLOCK_CAPTURE_AUTORELEASING = YES;
				CLANG_WARN_BOOL_CONVERSION = YES;
				CLANG_WARN_COMMA = YES;
				CLANG_WARN_CONSTANT_CONVERSION = YES;
				CLANG_WARN_DEPRECATED_OBJC_IMPLEMENTATIONS = YES;
				CLANG_WARN_DIRECT_OBJC_ISA_USAGE = YES_ERROR;
				CLANG_WARN_DOCUMENTATION_COMMENTS = YES;
				CLANG_WARN_EMPTY_BODY = YES;
				CLANG_WARN_ENUM_CONVERSION = YES;
				CLANG_WARN_INFINITE_RECURSION = YES;
				CLANG_WARN_INT_CONVERSION = YES;
				CLANG_WARN_NON_LITERAL_NULL_CONVERSION = YES;
				CLANG_WARN_OBJC_IMPLICIT_RETAIN_SELF = YES;
				CLANG_WARN_OBJC_LITERAL_CONVERSION = YES;
				CLANG_WARN_OBJC_ROOT_CLASS = YES_ERROR;
				CLANG_WARN_QUOTED_INCLUDE_IN_FRAMEWORK_HEADER = YES;
				CLANG_WARN_RANGE_LOOP_ANALYSIS = YES;
				CLANG_WARN_STRICT_PROTOTYPES = YES;
				CLANG_WARN_SUSPICIOUS_MOVE = YES;
				CLANG_WARN_UNGUARDED_AVAILABILITY = YES_AGGRESSIVE;
				CLANG_WARN_UNREACHABLE_CODE = YES;
				CLANG_WARN__DUPLICATE_METHOD_MATCH = YES;
				COPY_PHASE_STRIP = NO;
				DEBUG_INFORMATION_FORMAT = dwarf;
				ENABLE_STRICT_OBJC_MSGSEND = YES;
				ENABLE_TESTABILITY = YES;
				GCC_C_LANGUAGE_STANDARD = gnu11;
				GCC_DYNAMIC_NO_PIC = NO;
				GCC_NO_COMMON_BLOCKS = YES;
				GCC_OPTIMIZATION_LEVEL = 0;
				GCC_PREPROCESSOR_DEFINITIONS = (
					"DEBUG=1",
					"$(inherited)",
				);
				GCC_WARN_64_TO_32_BIT_CONVERSION = YES;
				GCC_WARN_ABOUT_RETURN_TYPE = YES_ERROR;
				GCC_WARN_UNDECLARED_SELECTOR = YES;
				GCC_WARN_UNINITIALIZED_AUTOS = YES_AGGRESSIVE;
				GCC_WARN_UNUSED_FUNCTION = YES;
				GCC_WARN_UNUSED_VARIABLE = YES;
				IPHONEOS_DEPLOYMENT_TARGET = 15.5;
				MTL_ENABLE_DEBUG_INFO = INCLUDE_SOURCE;
				MTL_FAST_MATH = YES;
				ONLY_ACTIVE_ARCH = YES;
				SDKROOT = iphoneos;
				SWIFT_ACTIVE_COMPILATION_CONDITIONS = DEBUG;
				SWIFT_OPTIMIZATION_LEVEL = "-Onone";
			};
			name = Debug;
		};
		1F3806712872E6CA002CBB51 /* Release */ = {
			isa = XCBuildConfiguration;
			buildSettings = {
				ALWAYS_SEARCH_USER_PATHS = NO;
				CLANG_ANALYZER_NONNULL = YES;
				CLANG_ANALYZER_NUMBER_OBJECT_CONVERSION = YES_AGGRESSIVE;
				CLANG_CXX_LANGUAGE_STANDARD = "gnu++17";
				CLANG_ENABLE_MODULES = YES;
				CLANG_ENABLE_OBJC_ARC = YES;
				CLANG_ENABLE_OBJC_WEAK = YES;
				CLANG_WARN_BLOCK_CAPTURE_AUTORELEASING = YES;
				CLANG_WARN_BOOL_CONVERSION = YES;
				CLANG_WARN_COMMA = YES;
				CLANG_WARN_CONSTANT_CONVERSION = YES;
				CLANG_WARN_DEPRECATED_OBJC_IMPLEMENTATIONS = YES;
				CLANG_WARN_DIRECT_OBJC_ISA_USAGE = YES_ERROR;
				CLANG_WARN_DOCUMENTATION_COMMENTS = YES;
				CLANG_WARN_EMPTY_BODY = YES;
				CLANG_WARN_ENUM_CONVERSION = YES;
				CLANG_WARN_INFINITE_RECURSION = YES;
				CLANG_WARN_INT_CONVERSION = YES;
				CLANG_WARN_NON_LITERAL_NULL_CONVERSION = YES;
				CLANG_WARN_OBJC_IMPLICIT_RETAIN_SELF = YES;
				CLANG_WARN_OBJC_LITERAL_CONVERSION = YES;
				CLANG_WARN_OBJC_ROOT_CLASS = YES_ERROR;
				CLANG_WARN_QUOTED_INCLUDE_IN_FRAMEWORK_HEADER = YES;
				CLANG_WARN_RANGE_LOOP_ANALYSIS = YES;
				CLANG_WARN_STRICT_PROTOTYPES = YES;
				CLANG_WARN_SUSPICIOUS_MOVE = YES;
				CLANG_WARN_UNGUARDED_AVAILABILITY = YES_AGGRESSIVE;
				CLANG_WARN_UNREACHABLE_CODE = YES;
				CLANG_WARN__DUPLICATE_METHOD_MATCH = YES;
				COPY_PHASE_STRIP = NO;
				DEBUG_INFORMATION_FORMAT = "dwarf-with-dsym";
				ENABLE_NS_ASSERTIONS = NO;
				ENABLE_STRICT_OBJC_MSGSEND = YES;
				GCC_C_LANGUAGE_STANDARD = gnu11;
				GCC_NO_COMMON_BLOCKS = YES;
				GCC_WARN_64_TO_32_BIT_CONVERSION = YES;
				GCC_WARN_ABOUT_RETURN_TYPE = YES_ERROR;
				GCC_WARN_UNDECLARED_SELECTOR = YES;
				GCC_WARN_UNINITIALIZED_AUTOS = YES_AGGRESSIVE;
				GCC_WARN_UNUSED_FUNCTION = YES;
				GCC_WARN_UNUSED_VARIABLE = YES;
				IPHONEOS_DEPLOYMENT_TARGET = 15.5;
				MTL_ENABLE_DEBUG_INFO = NO;
				MTL_FAST_MATH = YES;
				SDKROOT = iphoneos;
				SWIFT_COMPILATION_MODE = wholemodule;
				SWIFT_OPTIMIZATION_LEVEL = "-O";
				VALIDATE_PRODUCT = YES;
			};
			name = Release;
		};
		1F3806732872E6CA002CBB51 /* Debug */ = {
			isa = XCBuildConfiguration;
			buildSettings = {
				ASSETCATALOG_COMPILER_APPICON_NAME = AppIcon;
				ASSETCATALOG_COMPILER_GLOBAL_ACCENT_COLOR_NAME = AccentColor;
				CODE_SIGN_STYLE = Automatic;
				CURRENT_PROJECT_VERSION = 1;
				DEVELOPMENT_TEAM = RTJ9N9VRF5;
				GENERATE_INFOPLIST_FILE = YES;
				INFOPLIST_FILE = "Workout-Tracker/App/Info.plist";
				INFOPLIST_KEY_UIApplicationSupportsIndirectInputEvents = YES;
				INFOPLIST_KEY_UILaunchStoryboardName = LaunchScreen;
				INFOPLIST_KEY_UISupportedInterfaceOrientations = UIInterfaceOrientationPortrait;
				INFOPLIST_KEY_UISupportedInterfaceOrientations_iPad = "UIInterfaceOrientationPortrait UIInterfaceOrientationPortraitUpsideDown UIInterfaceOrientationLandscapeLeft UIInterfaceOrientationLandscapeRight";
				INFOPLIST_KEY_UISupportedInterfaceOrientations_iPhone = "UIInterfaceOrientationPortrait UIInterfaceOrientationLandscapeLeft UIInterfaceOrientationLandscapeRight";
				LD_RUNPATH_SEARCH_PATHS = (
					"$(inherited)",
					"@executable_path/Frameworks",
				);
				MARKETING_VERSION = 1.0;
				PRODUCT_BUNDLE_IDENTIFIER = "com.mikekos.Workout-Tracker";
				PRODUCT_NAME = "$(TARGET_NAME)";
				SWIFT_EMIT_LOC_STRINGS = YES;
				SWIFT_VERSION = 5.0;
				TARGETED_DEVICE_FAMILY = 1;
			};
			name = Debug;
		};
		1F3806742872E6CA002CBB51 /* Release */ = {
			isa = XCBuildConfiguration;
			buildSettings = {
				ASSETCATALOG_COMPILER_APPICON_NAME = AppIcon;
				ASSETCATALOG_COMPILER_GLOBAL_ACCENT_COLOR_NAME = AccentColor;
				CODE_SIGN_STYLE = Automatic;
				CURRENT_PROJECT_VERSION = 1;
				DEVELOPMENT_TEAM = RTJ9N9VRF5;
				GENERATE_INFOPLIST_FILE = YES;
				INFOPLIST_FILE = "Workout-Tracker/App/Info.plist";
				INFOPLIST_KEY_UIApplicationSupportsIndirectInputEvents = YES;
				INFOPLIST_KEY_UILaunchStoryboardName = LaunchScreen;
				INFOPLIST_KEY_UISupportedInterfaceOrientations = UIInterfaceOrientationPortrait;
				INFOPLIST_KEY_UISupportedInterfaceOrientations_iPad = "UIInterfaceOrientationPortrait UIInterfaceOrientationPortraitUpsideDown UIInterfaceOrientationLandscapeLeft UIInterfaceOrientationLandscapeRight";
				INFOPLIST_KEY_UISupportedInterfaceOrientations_iPhone = "UIInterfaceOrientationPortrait UIInterfaceOrientationLandscapeLeft UIInterfaceOrientationLandscapeRight";
				LD_RUNPATH_SEARCH_PATHS = (
					"$(inherited)",
					"@executable_path/Frameworks",
				);
				MARKETING_VERSION = 1.0;
				PRODUCT_BUNDLE_IDENTIFIER = "com.mikekos.Workout-Tracker";
				PRODUCT_NAME = "$(TARGET_NAME)";
				SWIFT_EMIT_LOC_STRINGS = YES;
				SWIFT_VERSION = 5.0;
				TARGETED_DEVICE_FAMILY = 1;
			};
			name = Release;
		};
/* End XCBuildConfiguration section */

/* Begin XCConfigurationList section */
		1F3806592872E6C9002CBB51 /* Build configuration list for PBXProject "Workout-Tracker" */ = {
			isa = XCConfigurationList;
			buildConfigurations = (
				1F3806702872E6CA002CBB51 /* Debug */,
				1F3806712872E6CA002CBB51 /* Release */,
			);
			defaultConfigurationIsVisible = 0;
			defaultConfigurationName = Release;
		};
		1F3806722872E6CA002CBB51 /* Build configuration list for PBXNativeTarget "Workout-Tracker" */ = {
			isa = XCConfigurationList;
			buildConfigurations = (
				1F3806732872E6CA002CBB51 /* Debug */,
				1F3806742872E6CA002CBB51 /* Release */,
			);
			defaultConfigurationIsVisible = 0;
			defaultConfigurationName = Release;
		};
/* End XCConfigurationList section */
	};
	rootObject = 1F3806562872E6C9002CBB51 /* Project object */;
}
